
Microsoft Visual Studio Solution File, Format Version 12.00
# Visual Studio Version 17
VisualStudioVersion = 17.3.32929.385
MinimumVisualStudioVersion = 10.0.40219.1
Project("{FAE04EC0-301F-11D3-BF4B-00C04F79EFBC}") = "ConsoleDI", "ConsoleDI\ConsoleDI.csproj", "{F847297C-52B8-4AAF-90AD-9A0F229965E8}"
EndProject
Project("{FAE04EC0-301F-11D3-BF4B-00C04F79EFBC}") = "DIDemoLib", "DIDemoLib\DIDemoLib.csproj", "{40680123-9D2B-4967-B5FB-AFDF60E3667D}"
EndProject
Project("{FAE04EC0-301F-11D3-BF4B-00C04F79EFBC}") = "WorkerServiceDI", "WorkerServiceDI\WorkerServiceDI.csproj", "{92BAC5AF-36E7-4DCF-885A-518D02A5734D}"
EndProject
Project("{FAE04EC0-301F-11D3-BF4B-00C04F79EFBC}") = "WinFormsDI", "WinFormsDI\WinFormsDI.csproj", "{846510C8-61D5-4E64-8513-10086D624ED2}"
EndProject
Global
	GlobalSection(SolutionConfigurationPlatforms) = preSolution
		Debug|Any CPU = Debug|Any CPU
		Release|Any CPU = Release|Any CPU
	EndGlobalSection
	GlobalSection(ProjectConfigurationPlatforms) = postSolution
		{F847297C-52B8-4AAF-90AD-9A0F229965E8}.Debug|Any CPU.ActiveCfg = Debug|Any CPU
		{F847297C-52B8-4AAF-90AD-9A0F229965E8}.Debug|Any CPU.Build.0 = Debug|Any CPU
		{F847297C-52B8-4AAF-90AD-9A0F229965E8}.Release|Any CPU.ActiveCfg = Release|Any CPU
		{F847297C-52B8-4AAF-90AD-9A0F229965E8}.Release|Any CPU.Build.0 = Release|Any CPU
		{40680123-9D2B-4967-B5FB-AFDF60E3667D}.Debug|Any CPU.ActiveCfg = Debug|Any CPU
		{40680123-9D2B-4967-B5FB-AFDF60E3667D}.Debug|Any CPU.Build.0 = Debug|Any CPU
		{40680123-9D2B-4967-B5FB-AFDF60E3667D}.Release|Any CPU.ActiveCfg = Release|Any CPU
		{40680123-9D2B-4967-B5FB-AFDF60E3667D}.Release|Any CPU.Build.0 = Release|Any CPU
		{92BAC5AF-36E7-4DCF-885A-518D02A5734D}.Debug|Any CPU.ActiveCfg = Debug|Any CPU
		{92BAC5AF-36E7-4DCF-885A-518D02A5734D}.Debug|Any CPU.Build.0 = Debug|Any CPU
		{92BAC5AF-36E7-4DCF-885A-518D02A5734D}.Release|Any CPU.ActiveCfg = Release|Any CPU
		{92BAC5AF-36E7-4DCF-885A-518D02A5734D}.Release|Any CPU.Build.0 = Release|Any CPU
		{846510C8-61D5-4E64-8513-10086D624ED2}.Debug|Any CPU.ActiveCfg = Debug|Any CPU
		{846510C8-61D5-4E64-8513-10086D624ED2}.Debug|Any CPU.Build.0 = Debug|Any CPU
		{846510C8-61D5-4E64-8513-10086D624ED2}.Release|Any CPU.ActiveCfg = Release|Any CPU
		{846510C8-61D5-4E64-8513-10086D624ED2}.Release|Any CPU.Build.0 = Release|Any CPU
	EndGlobalSection
	GlobalSection(SolutionProperties) = preSolution
		HideSolutionNode = FALSE
	EndGlobalSection
	GlobalSection(ExtensibilityGlobals) = postSolution
		SolutionGuid = {E460B45D-F954-4EFC-9D48-FD623DF373A7}
	EndGlobalSection
EndGlobal
